<?xml version="1.0" encoding="utf-8"?>
<Project ToolsVersion="4.0" xmlns="http://schemas.microsoft.com/developer/msbuild/2003">
  <ItemGroup>
    <None Include="Cargo.toml" />
    <None Include=".gitignore" />
    <None Include=".gitmodules" />
    <None Include="LICENSE" />
    <None Include="README.md" />
    <None Include="rust-toolchain.toml" />
    <None Include="core\Cargo.lock">
      <Filter>core</Filter>
    </None>
    <None Include="core\Cargo.toml">
      <Filter>core</Filter>
    </None>
    <None Include="core\src\debuggable.rs">
      <Filter>core\src</Filter>
    </None>
    <None Include="core\src\lib.rs">
      <Filter>core\src</Filter>
    </None>
    <None Include="core\src\tickable.rs">
      <Filter>core\src</Filter>
    </None>
    <None Include="core\src\types.rs">
      <Filter>core\src</Filter>
    </None>
    <None Include="core\src\bus\mod.rs">
      <Filter>core\src\bus</Filter>
    </None>
    <None Include="core\src\bus\testbus.rs">
      <Filter>core\src\bus</Filter>
    </None>
    <None Include="core\src\cpu_m68k\fpu\alu.rs">
      <Filter>core\src\cpu_m68k\fpu</Filter>
    </None>
    <None Include="core\src\cpu_m68k\fpu\instruction.rs">
      <Filter>core\src\cpu_m68k\fpu</Filter>
    </None>
    <None Include="core\src\cpu_m68k\fpu\mod.rs">
      <Filter>core\src\cpu_m68k\fpu</Filter>
    </None>
    <None Include="core\src\cpu_m68k\fpu\ops_branch.rs">
      <Filter>core\src\cpu_m68k\fpu</Filter>
    </None>
    <None Include="core\src\cpu_m68k\fpu\ops_generic.rs">
      <Filter>core\src\cpu_m68k\fpu</Filter>
    </None>
    <None Include="core\src\cpu_m68k\fpu\regs.rs">
      <Filter>core\src\cpu_m68k\fpu</Filter>
    </None>
    <None Include="core\src\cpu_m68k\fpu\storage.rs">
      <Filter>core\src\cpu_m68k\fpu</Filter>
    </None>
    <None Include="core\src\cpu_m68k\alu.rs">
      <Filter>core\src\cpu_m68k</Filter>
    </None>
    <None Include="core\src\cpu_m68k\cpu.rs">
      <Filter>core\src\cpu_m68k</Filter>
    </None>
    <None Include="core\src\cpu_m68k\disassembler.rs">
      <Filter>core\src\cpu_m68k</Filter>
    </None>
    <None Include="core\src\cpu_m68k\ea.rs">
      <Filter>core\src\cpu_m68k</Filter>
    </None>
    <None Include="core\src\cpu_m68k\instruction.rs">
      <Filter>core\src\cpu_m68k</Filter>
    </None>
    <None Include="core\src\cpu_m68k\mod.rs">
      <Filter>core\src\cpu_m68k</Filter>
    </None>
    <None Include="core\src\cpu_m68k\regs.rs">
      <Filter>core\src\cpu_m68k</Filter>
    </None>
    <None Include="core\src\emulator\comm.rs">
      <Filter>core\src\emulator</Filter>
    </None>
    <None Include="core\src\emulator\mod.rs">
      <Filter>core\src\emulator</Filter>
    </None>
    <None Include="core\src\keymap\aekm0115.rs">
      <Filter>core\src\keymap</Filter>
    </None>
    <None Include="core\src\keymap\akm0110.rs">
      <Filter>core\src\keymap</Filter>
    </None>
    <None Include="core\src\keymap\mod.rs">
      <Filter>core\src\keymap</Filter>
    </None>
    <None Include="core\src\mac\asc.rs">
      <Filter>core\src\mac</Filter>
    </None>
    <None Include="core\src\mac\mod.rs">
      <Filter>core\src\mac</Filter>
    </None>
    <None Include="core\src\mac\pluskbd.rs">
      <Filter>core\src\mac</Filter>
    </None>
    <None Include="core\src\mac\rtc.rs">
      <Filter>core\src\mac</Filter>
    </None>
    <None Include="core\src\mac\scc.rs">
      <Filter>core\src\mac</Filter>
    </None>
    <None Include="core\src\mac\via.rs">
      <Filter>core\src\mac</Filter>
    </None>
    <None Include="core\src\mac\adb\keyboard.rs">
      <Filter>core\src\mac\adb</Filter>
    </None>
    <None Include="core\src\mac\adb\mod.rs">
      <Filter>core\src\mac\adb</Filter>
    </None>
    <None Include="core\src\mac\adb\mouse.rs">
      <Filter>core\src\mac\adb</Filter>
    </None>
    <None Include="core\src\mac\adb\transceiver.rs">
      <Filter>core\src\mac\adb</Filter>
    </None>
    <None Include="core\src\mac\compact\audio.rs">
      <Filter>core\src\mac\compact</Filter>
    </None>
    <None Include="core\src\mac\compact\bus.rs">
      <Filter>core\src\mac\compact</Filter>
    </None>
    <None Include="core\src\mac\compact\mod.rs">
      <Filter>core\src\mac\compact</Filter>
    </None>
    <None Include="core\src\mac\compact\video.rs">
      <Filter>core\src\mac\compact</Filter>
    </None>
    <None Include="core\src\mac\macii\bus.rs">
      <Filter>core\src\mac\macii</Filter>
    </None>
    <None Include="core\src\mac\macii\mod.rs">
      <Filter>core\src\mac\macii</Filter>
    </None>
    <None Include="core\src\mac\macii\via2.rs">
      <Filter>core\src\mac\macii</Filter>
    </None>
    <None Include="core\src\mac\swim\drive.rs">
      <Filter>core\src\mac\swim</Filter>
    </None>
    <None Include="core\src\mac\swim\ism.rs">
      <Filter>core\src\mac\swim</Filter>
    </None>
    <None Include="core\src\mac\swim\iwm.rs">
      <Filter>core\src\mac\swim</Filter>
    </None>
    <None Include="core\src\mac\swim\mod.rs">
      <Filter>core\src\mac\swim</Filter>
    </None>
    <None Include="core\src\mac\nubus\mdc12.rs">
      <Filter>core\src\mac\nubus</Filter>
    </None>
    <None Include="core\src\mac\nubus\mod.rs">
      <Filter>core\src\mac\nubus</Filter>
    </None>
    <None Include="core\src\util\lossyinto.rs">
      <Filter>core\src\util</Filter>
    </None>
    <None Include="core\src\util\mod.rs">
      <Filter>core\src\util</Filter>
    </None>
    <None Include="core\src\util\range.rs">
      <Filter>core\src\util</Filter>
    </None>
    <None Include="core\src\test\mod.rs">
      <Filter>core\src\test</Filter>
    </None>
    <None Include="core\src\test\singlestep_m68k.rs">
      <Filter>core\src\test</Filter>
    </None>
    <None Include="core\src\renderer\channel.rs">
      <Filter>core\src\renderer</Filter>
    </None>
    <None Include="core\src\renderer\mod.rs">
      <Filter>core\src\renderer</Filter>
    </None>
    <None Include="floppy\build.rs">
      <Filter>floppy</Filter>
    </None>
    <None Include="floppy\Cargo.toml">
      <Filter>floppy</Filter>
    </None>
    <None Include="floppy\src\flux.rs">
      <Filter>floppy\src</Filter>
    </None>
    <None Include="floppy\src\lib.rs">
      <Filter>floppy\src</Filter>
    </None>
    <None Include="floppy\src\macformat.rs">
      <Filter>floppy\src</Filter>
    </None>
    <None Include="floppy\src\loaders\a2r2.rs">
      <Filter>floppy\src\loaders</Filter>
    </None>
    <None Include="floppy\src\loaders\a2r3.rs">
      <Filter>floppy\src\loaders</Filter>
    </None>
    <None Include="floppy\src\loaders\auto.rs">
      <Filter>floppy\src\loaders</Filter>
    </None>
    <None Include="floppy\src\loaders\bitfile.rs">
      <Filter>floppy\src\loaders</Filter>
    </None>
    <None Include="floppy\src\loaders\diskcopy42.rs">
      <Filter>floppy\src\loaders</Filter>
    </None>
    <None Include="floppy\src\loaders\fluxfox.rs">
      <Filter>floppy\src\loaders</Filter>
    </None>
    <None Include="floppy\src\loaders\mod.rs">
      <Filter>floppy\src\loaders</Filter>
    </None>
    <None Include="floppy\src\loaders\moof.rs">
      <Filter>floppy\src\loaders</Filter>
    </None>
    <None Include="floppy\src\loaders\pfi.rs">
      <Filter>floppy\src\loaders</Filter>
    </None>
    <None Include="floppy\src\loaders\pri.rs">
      <Filter>floppy\src\loaders</Filter>
    </None>
    <None Include="floppy\src\loaders\raw.rs">
      <Filter>floppy\src\loaders</Filter>
    </None>
    <None Include="frontend_egui\build.rs">
      <Filter>frontend_egui</Filter>
    </None>
    <None Include="frontend_egui\Cargo.toml">
      <Filter>frontend_egui</Filter>
    </None>
    <None Include="frontend_egui\src\app.rs">
      <Filter>frontend_egui\src</Filter>
    </None>
    <None Include="frontend_egui\src\audio.rs">
      <Filter>frontend_egui\src</Filter>
    </None>
    <None Include="frontend_egui\src\consts.rs">
      <Filter>frontend_egui\src</Filter>
    </None>
    <None Include="frontend_egui\src\emulator.rs">
      <Filter>frontend_egui\src</Filter>
    </None>
    <None Include="frontend_egui\src\helpers.rs">
      <Filter>frontend_egui\src</Filter>
    </None>
    <None Include="frontend_egui\src\keymap.rs">
      <Filter>frontend_egui\src</Filter>
    </None>
    <None Include="frontend_egui\src\main.rs">
      <Filter>frontend_egui\src</Filter>
    </None>
    <None Include="frontend_egui\src\uniform.rs">
      <Filter>frontend_egui\src</Filter>
    </None>
    <None Include="frontend_egui\src\workspace.rs">
      <Filter>frontend_egui\src</Filter>
    </None>
    <None Include="frontend_egui\src\dialogs\diskimage.rs">
      <Filter>frontend_egui\src\dialogs</Filter>
    </None>
    <None Include="frontend_egui\src\dialogs\mod.rs">
      <Filter>frontend_egui\src\dialogs</Filter>
    </None>
    <None Include="frontend_egui\src\dialogs\modelselect.rs">
      <Filter>frontend_egui\src\dialogs</Filter>
    </None>
    <None Include="frontend_egui\src\util\relativepath.rs">
      <Filter>frontend_egui\src\util</Filter>
    </None>
    <None Include="frontend_egui\src\util\mod.rs">
      <Filter>frontend_egui\src\util</Filter>
    </None>
    <None Include="frontend_egui\src\widgets\breakpoints.rs">
      <Filter>frontend_egui\src\widgets</Filter>
    </None>
    <None Include="frontend_egui\src\widgets\disassembly.rs">
      <Filter>frontend_egui\src\widgets</Filter>
    </None>
    <None Include="frontend_egui\src\widgets\framebuffer.rs">
      <Filter>frontend_egui\src\widgets</Filter>
    </None>
    <None Include="frontend_egui\src\widgets\instruction_history.rs">
      <Filter>frontend_egui\src\widgets</Filter>
    </None>
    <None Include="frontend_egui\src\widgets\memory.rs">
      <Filter>frontend_egui\src\widgets</Filter>
    </None>
    <None Include="frontend_egui\src\widgets\mod.rs">
      <Filter>frontend_egui\src\widgets</Filter>
    </None>
    <None Include="frontend_egui\src\widgets\peripherals.rs">
      <Filter>frontend_egui\src\widgets</Filter>
    </None>
    <None Include="frontend_egui\src\widgets\registers.rs">
      <Filter>frontend_egui\src\widgets</Filter>
    </None>
    <None Include="frontend_egui\src\widgets\systrap_history.rs">
      <Filter>frontend_egui\src\widgets</Filter>
    </None>
    <None Include="frontend_egui\src\widgets\terminal.rs">
      <Filter>frontend_egui\src\widgets</Filter>
    </None>
    <None Include="frontend_egui\src\widgets\watchpoints.rs">
      <Filter>frontend_egui\src\widgets</Filter>
    </None>
    <None Include="frontend_tui\Cargo.lock">
      <Filter>frontend_tui</Filter>
    </None>
    <None Include="frontend_tui\Cargo.toml">
      <Filter>frontend_tui</Filter>
    </None>
    <None Include="frontend_tui\src\keymap_sdl.rs">
      <Filter>frontend_tui\src</Filter>
    </None>
    <None Include="frontend_tui\src\main.rs">
      <Filter>frontend_tui\src</Filter>
    </None>
    <None Include="frontend_tui\src\renderer_sdl.rs">
      <Filter>frontend_tui\src</Filter>
    </None>
    <None Include="frontend_tui\src\ui\browser.rs">
      <Filter>frontend_tui\src\ui</Filter>
    </None>
    <None Include="frontend_tui\src\ui\debugger.rs">
      <Filter>frontend_tui\src\ui</Filter>
    </None>
    <None Include="frontend_tui\src\ui\mod.rs">
      <Filter>frontend_tui\src\ui</Filter>
    </None>
    <None Include="frontend_tui\src\ui\status.rs">
      <Filter>frontend_tui\src\ui</Filter>
    </None>
    <None Include="floppy\src\ffi.rs">
      <Filter>floppy\src</Filter>
    </None>
    <None Include="core\src\mac\swim\ffi.rs">
      <Filter>core\src\mac\swim</Filter>
    </None>
    <None Include="core\src\mac\scsi\cdrom.rs">
      <Filter>core\src\mac\scsi</Filter>
    </None>
    <None Include="core\src\mac\scsi\controller.rs">
      <Filter>core\src\mac\scsi</Filter>
    </None>
    <None Include="core\src\mac\scsi\disk.rs">
      <Filter>core\src\mac\scsi</Filter>
    </None>
    <None Include="core\src\mac\scsi\mod.rs">
      <Filter>core\src\mac\scsi</Filter>
    </None>
    <None Include="core\src\mac\scsi\target.rs">
      <Filter>core\src\mac\scsi</Filter>
    </None>
    <None Include="core\src\mac\scsi\toolbox.rs">
      <Filter>core\src\mac\scsi</Filter>
    </None>
    <None Include="testdata\m68000\v1\ABCD.json">
      <Filter>testdata\m68000\v1</Filter>
    </None>
    <None Include="testdata\m68000\v1\ABCD.json.bin">
      <Filter>testdata\m68000\v1</Filter>
    </None>
    <None Include="testdata\m68000\v1\ADD.b.json">
      <Filter>testdata\m68000\v1</Filter>
    </None>
    <None Include="testdata\m68000\v1\ADD.b.json.bin">
      <Filter>testdata\m68000\v1</Filter>
    </None>
    <None Include="testdata\m68000\v1\ADD.l.json">
      <Filter>testdata\m68000\v1</Filter>
    </None>
    <None Include="testdata\m68000\v1\ADD.l.json.bin">
      <Filter>testdata\m68000\v1</Filter>
    </None>
    <None Include="testdata\m68000\v1\ADD.w.json">
      <Filter>testdata\m68000\v1</Filter>
    </None>
    <None Include="testdata\m68000\v1\ADD.w.json.bin">
      <Filter>testdata\m68000\v1</Filter>
    </None>
    <None Include="testdata\m68000\v1\ADDA.l.json">
      <Filter>testdata\m68000\v1</Filter>
    </None>
    <None Include="testdata\m68000\v1\ADDA.l.json.bin">
      <Filter>testdata\m68000\v1</Filter>
    </None>
    <None Include="testdata\m68000\v1\ADDA.w.json">
      <Filter>testdata\m68000\v1</Filter>
    </None>
    <None Include="testdata\m68000\v1\ADDA.w.json.bin">
      <Filter>testdata\m68000\v1</Filter>
    </None>
    <None Include="testdata\m68000\v1\ADDX.b.json">
      <Filter>testdata\m68000\v1</Filter>
    </None>
    <None Include="testdata\m68000\v1\ADDX.b.json.bin">
      <Filter>testdata\m68000\v1</Filter>
    </None>
    <None Include="testdata\m68000\v1\ADDX.l.json">
      <Filter>testdata\m68000\v1</Filter>
    </None>
    <None Include="testdata\m68000\v1\ADDX.l.json.bin">
      <Filter>testdata\m68000\v1</Filter>
    </None>
    <None Include="testdata\m68000\v1\ADDX.w.json">
      <Filter>testdata\m68000\v1</Filter>
    </None>
    <None Include="testdata\m68000\v1\ADDX.w.json.bin">
      <Filter>testdata\m68000\v1</Filter>
    </None>
    <None Include="testdata\m68000\v1\AND.b.json">
      <Filter>testdata\m68000\v1</Filter>
    </None>
    <None Include="testdata\m68000\v1\AND.b.json.bin">
      <Filter>testdata\m68000\v1</Filter>
    </None>
    <None Include="testdata\m68000\v1\AND.l.json">
      <Filter>testdata\m68000\v1</Filter>
    </None>
    <None Include="testdata\m68000\v1\AND.l.json.bin">
      <Filter>testdata\m68000\v1</Filter>
    </None>
    <None Include="testdata\m68000\v1\AND.w.json">
      <Filter>testdata\m68000\v1</Filter>
    </None>
    <None Include="testdata\m68000\v1\AND.w.json.bin">
      <Filter>testdata\m68000\v1</Filter>
    </None>
    <None Include="testdata\m68000\v1\ANDItoCCR.json">
      <Filter>testdata\m68000\v1</Filter>
    </None>
    <None Include="testdata\m68000\v1\ANDItoCCR.json.bin">
      <Filter>testdata\m68000\v1</Filter>
    </None>
    <None Include="testdata\m68000\v1\ANDItoSR.json">
      <Filter>testdata\m68000\v1</Filter>
    </None>
    <None Include="testdata\m68000\v1\ANDItoSR.json.bin">
      <Filter>testdata\m68000\v1</Filter>
    </None>
    <None Include="testdata\m68000\v1\ASL.b.json">
      <Filter>testdata\m68000\v1</Filter>
    </None>
    <None Include="testdata\m68000\v1\ASL.b.json.bin">
      <Filter>testdata\m68000\v1</Filter>
    </None>
    <None Include="testdata\m68000\v1\ASL.l.json">
      <Filter>testdata\m68000\v1</Filter>
    </None>
    <None Include="testdata\m68000\v1\ASL.l.json.bin">
      <Filter>testdata\m68000\v1</Filter>
    </None>
    <None Include="testdata\m68000\v1\ASL.w.json">
      <Filter>testdata\m68000\v1</Filter>
    </None>
    <None Include="testdata\m68000\v1\ASL.w.json.bin">
      <Filter>testdata\m68000\v1</Filter>
    </None>
    <None Include="testdata\m68000\v1\ASR.b.json">
      <Filter>testdata\m68000\v1</Filter>
    </None>
    <None Include="testdata\m68000\v1\ASR.b.json.bin">
      <Filter>testdata\m68000\v1</Filter>
    </None>
    <None Include="testdata\m68000\v1\ASR.l.json">
      <Filter>testdata\m68000\v1</Filter>
    </None>
    <None Include="testdata\m68000\v1\ASR.l.json.bin">
      <Filter>testdata\m68000\v1</Filter>
    </None>
    <None Include="testdata\m68000\v1\ASR.w.json">
      <Filter>testdata\m68000\v1</Filter>
    </None>
    <None Include="testdata\m68000\v1\ASR.w.json.bin">
      <Filter>testdata\m68000\v1</Filter>
    </None>
    <None Include="testdata\m68000\v1\Bcc.json">
      <Filter>testdata\m68000\v1</Filter>
    </None>
    <None Include="testdata\m68000\v1\Bcc.json.bin">
      <Filter>testdata\m68000\v1</Filter>
    </None>
    <None Include="testdata\m68000\v1\BCHG.json">
      <Filter>testdata\m68000\v1</Filter>
    </None>
    <None Include="testdata\m68000\v1\BCHG.json.bin">
      <Filter>testdata\m68000\v1</Filter>
    </None>
    <None Include="testdata\m68000\v1\BCLR.json">
      <Filter>testdata\m68000\v1</Filter>
    </None>
    <None Include="testdata\m68000\v1\BCLR.json.bin">
      <Filter>testdata\m68000\v1</Filter>
    </None>
    <None Include="testdata\m68000\v1\BSET.json">
      <Filter>testdata\m68000\v1</Filter>
    </None>
    <None Include="testdata\m68000\v1\BSET.json.bin">
      <Filter>testdata\m68000\v1</Filter>
    </None>
    <None Include="testdata\m68000\v1\BSR.json">
      <Filter>testdata\m68000\v1</Filter>
    </None>
    <None Include="testdata\m68000\v1\BSR.json.bin">
      <Filter>testdata\m68000\v1</Filter>
    </None>
    <None Include="testdata\m68000\v1\BTST.json">
      <Filter>testdata\m68000\v1</Filter>
    </None>
    <None Include="testdata\m68000\v1\BTST.json.bin">
      <Filter>testdata\m68000\v1</Filter>
    </None>
    <None Include="testdata\m68000\v1\CHK.json">
      <Filter>testdata\m68000\v1</Filter>
    </None>
    <None Include="testdata\m68000\v1\CHK.json.bin">
      <Filter>testdata\m68000\v1</Filter>
    </None>
    <None Include="testdata\m68000\v1\CLR.b.json">
      <Filter>testdata\m68000\v1</Filter>
    </None>
    <None Include="testdata\m68000\v1\CLR.b.json.bin">
      <Filter>testdata\m68000\v1</Filter>
    </None>
    <None Include="testdata\m68000\v1\CLR.l.json">
      <Filter>testdata\m68000\v1</Filter>
    </None>
    <None Include="testdata\m68000\v1\CLR.l.json.bin">
      <Filter>testdata\m68000\v1</Filter>
    </None>
    <None Include="testdata\m68000\v1\CLR.w.json">
      <Filter>testdata\m68000\v1</Filter>
    </None>
    <None Include="testdata\m68000\v1\CLR.w.json.bin">
      <Filter>testdata\m68000\v1</Filter>
    </None>
    <None Include="testdata\m68000\v1\CMP.b.json">
      <Filter>testdata\m68000\v1</Filter>
    </None>
    <None Include="testdata\m68000\v1\CMP.b.json.bin">
      <Filter>testdata\m68000\v1</Filter>
    </None>
    <None Include="testdata\m68000\v1\CMP.l.json">
      <Filter>testdata\m68000\v1</Filter>
    </None>
    <None Include="testdata\m68000\v1\CMP.l.json.bin">
      <Filter>testdata\m68000\v1</Filter>
    </None>
    <None Include="testdata\m68000\v1\CMP.w.json">
      <Filter>testdata\m68000\v1</Filter>
    </None>
    <None Include="testdata\m68000\v1\CMP.w.json.bin">
      <Filter>testdata\m68000\v1</Filter>
    </None>
    <None Include="testdata\m68000\v1\CMPA.l.json">
      <Filter>testdata\m68000\v1</Filter>
    </None>
    <None Include="testdata\m68000\v1\CMPA.l.json.bin">
      <Filter>testdata\m68000\v1</Filter>
    </None>
    <None Include="testdata\m68000\v1\CMPA.w.json">
      <Filter>testdata\m68000\v1</Filter>
    </None>
    <None Include="testdata\m68000\v1\CMPA.w.json.bin">
      <Filter>testdata\m68000\v1</Filter>
    </None>
    <None Include="testdata\m68000\v1\DBcc.json">
      <Filter>testdata\m68000\v1</Filter>
    </None>
    <None Include="testdata\m68000\v1\DBcc.json.bin">
      <Filter>testdata\m68000\v1</Filter>
    </None>
    <None Include="testdata\m68000\v1\DIVS.json">
      <Filter>testdata\m68000\v1</Filter>
    </None>
    <None Include="testdata\m68000\v1\DIVS.json.bin">
      <Filter>testdata\m68000\v1</Filter>
    </None>
    <None Include="testdata\m68000\v1\DIVU.json">
      <Filter>testdata\m68000\v1</Filter>
    </None>
    <None Include="testdata\m68000\v1\DIVU.json.bin">
      <Filter>testdata\m68000\v1</Filter>
    </None>
    <None Include="testdata\m68000\v1\EOR.b.json">
      <Filter>testdata\m68000\v1</Filter>
    </None>
    <None Include="testdata\m68000\v1\EOR.b.json.bin">
      <Filter>testdata\m68000\v1</Filter>
    </None>
    <None Include="testdata\m68000\v1\EOR.l.json">
      <Filter>testdata\m68000\v1</Filter>
    </None>
    <None Include="testdata\m68000\v1\EOR.l.json.bin">
      <Filter>testdata\m68000\v1</Filter>
    </None>
    <None Include="testdata\m68000\v1\EOR.w.json">
      <Filter>testdata\m68000\v1</Filter>
    </None>
    <None Include="testdata\m68000\v1\EOR.w.json.bin">
      <Filter>testdata\m68000\v1</Filter>
    </None>
    <None Include="testdata\m68000\v1\EORItoCCR.json">
      <Filter>testdata\m68000\v1</Filter>
    </None>
    <None Include="testdata\m68000\v1\EORItoCCR.json.bin">
      <Filter>testdata\m68000\v1</Filter>
    </None>
    <None Include="testdata\m68000\v1\EORItoSR.json">
      <Filter>testdata\m68000\v1</Filter>
    </None>
    <None Include="testdata\m68000\v1\EORItoSR.json.bin">
      <Filter>testdata\m68000\v1</Filter>
    </None>
    <None Include="testdata\m68000\v1\EXG.json">
      <Filter>testdata\m68000\v1</Filter>
    </None>
    <None Include="testdata\m68000\v1\EXG.json.bin">
      <Filter>testdata\m68000\v1</Filter>
    </None>
    <None Include="testdata\m68000\v1\EXT.l.json">
      <Filter>testdata\m68000\v1</Filter>
    </None>
    <None Include="testdata\m68000\v1\EXT.l.json.bin">
      <Filter>testdata\m68000\v1</Filter>
    </None>
    <None Include="testdata\m68000\v1\EXT.w.json">
      <Filter>testdata\m68000\v1</Filter>
    </None>
    <None Include="testdata\m68000\v1\EXT.w.json.bin">
      <Filter>testdata\m68000\v1</Filter>
    </None>
    <None Include="testdata\m68000\v1\ILLEGAL_LINEA.json">
      <Filter>testdata\m68000\v1</Filter>
    </None>
    <None Include="testdata\m68000\v1\ILLEGAL_LINEA.json.bin">
      <Filter>testdata\m68000\v1</Filter>
    </None>
    <None Include="testdata\m68000\v1\ILLEGAL_LINEF.json">
      <Filter>testdata\m68000\v1</Filter>
    </None>
    <None Include="testdata\m68000\v1\ILLEGAL_LINEF.json.bin">
      <Filter>testdata\m68000\v1</Filter>
    </None>
    <None Include="testdata\m68000\v1\JMP.json">
      <Filter>testdata\m68000\v1</Filter>
    </None>
    <None Include="testdata\m68000\v1\JMP.json.bin">
      <Filter>testdata\m68000\v1</Filter>
    </None>
    <None Include="testdata\m68000\v1\JSR.json">
      <Filter>testdata\m68000\v1</Filter>
    </None>
    <None Include="testdata\m68000\v1\JSR.json.bin">
      <Filter>testdata\m68000\v1</Filter>
    </None>
    <None Include="testdata\m68000\v1\LEA.json">
      <Filter>testdata\m68000\v1</Filter>
    </None>
    <None Include="testdata\m68000\v1\LEA.json.bin">
      <Filter>testdata\m68000\v1</Filter>
    </None>
    <None Include="testdata\m68000\v1\LINK.json">
      <Filter>testdata\m68000\v1</Filter>
    </None>
    <None Include="testdata\m68000\v1\LINK.json.bin">
      <Filter>testdata\m68000\v1</Filter>
    </None>
    <None Include="testdata\m68000\v1\LSL.b.json">
      <Filter>testdata\m68000\v1</Filter>
    </None>
    <None Include="testdata\m68000\v1\LSL.b.json.bin">
      <Filter>testdata\m68000\v1</Filter>
    </None>
    <None Include="testdata\m68000\v1\LSL.l.json">
      <Filter>testdata\m68000\v1</Filter>
    </None>
    <None Include="testdata\m68000\v1\LSL.l.json.bin">
      <Filter>testdata\m68000\v1</Filter>
    </None>
    <None Include="testdata\m68000\v1\LSL.w.json">
      <Filter>testdata\m68000\v1</Filter>
    </None>
    <None Include="testdata\m68000\v1\LSL.w.json.bin">
      <Filter>testdata\m68000\v1</Filter>
    </None>
    <None Include="testdata\m68000\v1\LSR.b.json">
      <Filter>testdata\m68000\v1</Filter>
    </None>
    <None Include="testdata\m68000\v1\LSR.b.json.bin">
      <Filter>testdata\m68000\v1</Filter>
    </None>
    <None Include="testdata\m68000\v1\LSR.l.json">
      <Filter>testdata\m68000\v1</Filter>
    </None>
    <None Include="testdata\m68000\v1\LSR.l.json.bin">
      <Filter>testdata\m68000\v1</Filter>
    </None>
    <None Include="testdata\m68000\v1\LSR.w.json">
      <Filter>testdata\m68000\v1</Filter>
    </None>
    <None Include="testdata\m68000\v1\LSR.w.json.bin">
      <Filter>testdata\m68000\v1</Filter>
    </None>
    <None Include="testdata\m68000\v1\MOVE.b.json">
      <Filter>testdata\m68000\v1</Filter>
    </None>
    <None Include="testdata\m68000\v1\MOVE.b.json.bin">
      <Filter>testdata\m68000\v1</Filter>
    </None>
    <None Include="testdata\m68000\v1\MOVE.l.json">
      <Filter>testdata\m68000\v1</Filter>
    </None>
    <None Include="testdata\m68000\v1\MOVE.l.json.bin">
      <Filter>testdata\m68000\v1</Filter>
    </None>
    <None Include="testdata\m68000\v1\MOVE.q.json">
      <Filter>testdata\m68000\v1</Filter>
    </None>
    <None Include="testdata\m68000\v1\MOVE.q.json.bin">
      <Filter>testdata\m68000\v1</Filter>
    </None>
    <None Include="testdata\m68000\v1\MOVE.w.json">
      <Filter>testdata\m68000\v1</Filter>
    </None>
    <None Include="testdata\m68000\v1\MOVE.w.json.bin">
      <Filter>testdata\m68000\v1</Filter>
    </None>
    <None Include="testdata\m68000\v1\MOVEA.l.json">
      <Filter>testdata\m68000\v1</Filter>
    </None>
    <None Include="testdata\m68000\v1\MOVEA.l.json.bin">
      <Filter>testdata\m68000\v1</Filter>
    </None>
    <None Include="testdata\m68000\v1\MOVEA.w.json">
      <Filter>testdata\m68000\v1</Filter>
    </None>
    <None Include="testdata\m68000\v1\MOVEA.w.json.bin">
      <Filter>testdata\m68000\v1</Filter>
    </None>
    <None Include="testdata\m68000\v1\MOVEfromSR.json">
      <Filter>testdata\m68000\v1</Filter>
    </None>
    <None Include="testdata\m68000\v1\MOVEfromSR.json.bin">
      <Filter>testdata\m68000\v1</Filter>
    </None>
    <None Include="testdata\m68000\v1\MOVEfromUSP.json">
      <Filter>testdata\m68000\v1</Filter>
    </None>
    <None Include="testdata\m68000\v1\MOVEfromUSP.json.bin">
      <Filter>testdata\m68000\v1</Filter>
    </None>
    <None Include="testdata\m68000\v1\MOVEM.l.json">
      <Filter>testdata\m68000\v1</Filter>
    </None>
    <None Include="testdata\m68000\v1\MOVEM.l.json.bin">
      <Filter>testdata\m68000\v1</Filter>
    </None>
    <None Include="testdata\m68000\v1\MOVEM.w.json">
      <Filter>testdata\m68000\v1</Filter>
    </None>
    <None Include="testdata\m68000\v1\MOVEM.w.json.bin">
      <Filter>testdata\m68000\v1</Filter>
    </None>
    <None Include="testdata\m68000\v1\MOVEP.l.json">
      <Filter>testdata\m68000\v1</Filter>
    </None>
    <None Include="testdata\m68000\v1\MOVEP.l.json.bin">
      <Filter>testdata\m68000\v1</Filter>
    </None>
    <None Include="testdata\m68000\v1\MOVEP.w.json">
      <Filter>testdata\m68000\v1</Filter>
    </None>
    <None Include="testdata\m68000\v1\MOVEP.w.json.bin">
      <Filter>testdata\m68000\v1</Filter>
    </None>
    <None Include="testdata\m68000\v1\MOVEtoCCR.json">
      <Filter>testdata\m68000\v1</Filter>
    </None>
    <None Include="testdata\m68000\v1\MOVEtoCCR.json.bin">
      <Filter>testdata\m68000\v1</Filter>
    </None>
    <None Include="testdata\m68000\v1\MOVEtoSR.json">
      <Filter>testdata\m68000\v1</Filter>
    </None>
    <None Include="testdata\m68000\v1\MOVEtoSR.json.bin">
      <Filter>testdata\m68000\v1</Filter>
    </None>
    <None Include="testdata\m68000\v1\MOVEtoUSP.json">
      <Filter>testdata\m68000\v1</Filter>
    </None>
    <None Include="testdata\m68000\v1\MOVEtoUSP.json.bin">
      <Filter>testdata\m68000\v1</Filter>
    </None>
    <None Include="testdata\m68000\v1\MULS.json">
      <Filter>testdata\m68000\v1</Filter>
    </None>
    <None Include="testdata\m68000\v1\MULS.json.bin">
      <Filter>testdata\m68000\v1</Filter>
    </None>
    <None Include="testdata\m68000\v1\MULU.json">
      <Filter>testdata\m68000\v1</Filter>
    </None>
    <None Include="testdata\m68000\v1\MULU.json.bin">
      <Filter>testdata\m68000\v1</Filter>
    </None>
    <None Include="testdata\m68000\v1\NBCD.json">
      <Filter>testdata\m68000\v1</Filter>
    </None>
    <None Include="testdata\m68000\v1\NBCD.json.bin">
      <Filter>testdata\m68000\v1</Filter>
    </None>
    <None Include="testdata\m68000\v1\NEG.b.json">
      <Filter>testdata\m68000\v1</Filter>
    </None>
    <None Include="testdata\m68000\v1\NEG.b.json.bin">
      <Filter>testdata\m68000\v1</Filter>
    </None>
    <None Include="testdata\m68000\v1\NEG.l.json">
      <Filter>testdata\m68000\v1</Filter>
    </None>
    <None Include="testdata\m68000\v1\NEG.l.json.bin">
      <Filter>testdata\m68000\v1</Filter>
    </None>
    <None Include="testdata\m68000\v1\NEG.w.json">
      <Filter>testdata\m68000\v1</Filter>
    </None>
    <None Include="testdata\m68000\v1\NEG.w.json.bin">
      <Filter>testdata\m68000\v1</Filter>
    </None>
    <None Include="testdata\m68000\v1\NEGX.b.json">
      <Filter>testdata\m68000\v1</Filter>
    </None>
    <None Include="testdata\m68000\v1\NEGX.b.json.bin">
      <Filter>testdata\m68000\v1</Filter>
    </None>
    <None Include="testdata\m68000\v1\NEGX.l.json">
      <Filter>testdata\m68000\v1</Filter>
    </None>
    <None Include="testdata\m68000\v1\NEGX.l.json.bin">
      <Filter>testdata\m68000\v1</Filter>
    </None>
    <None Include="testdata\m68000\v1\NEGX.w.json">
      <Filter>testdata\m68000\v1</Filter>
    </None>
    <None Include="testdata\m68000\v1\NEGX.w.json.bin">
      <Filter>testdata\m68000\v1</Filter>
    </None>
    <None Include="testdata\m68000\v1\NOP.json">
      <Filter>testdata\m68000\v1</Filter>
    </None>
    <None Include="testdata\m68000\v1\NOP.json.bin">
      <Filter>testdata\m68000\v1</Filter>
    </None>
    <None Include="testdata\m68000\v1\NOT.b.json">
      <Filter>testdata\m68000\v1</Filter>
    </None>
    <None Include="testdata\m68000\v1\NOT.b.json.bin">
      <Filter>testdata\m68000\v1</Filter>
    </None>
    <None Include="testdata\m68000\v1\NOT.l.json">
      <Filter>testdata\m68000\v1</Filter>
    </None>
    <None Include="testdata\m68000\v1\NOT.l.json.bin">
      <Filter>testdata\m68000\v1</Filter>
    </None>
    <None Include="testdata\m68000\v1\NOT.w.json">
      <Filter>testdata\m68000\v1</Filter>
    </None>
    <None Include="testdata\m68000\v1\NOT.w.json.bin">
      <Filter>testdata\m68000\v1</Filter>
    </None>
    <None Include="testdata\m68000\v1\OR.b.json">
      <Filter>testdata\m68000\v1</Filter>
    </None>
    <None Include="testdata\m68000\v1\OR.b.json.bin">
      <Filter>testdata\m68000\v1</Filter>
    </None>
    <None Include="testdata\m68000\v1\OR.l.json">
      <Filter>testdata\m68000\v1</Filter>
    </None>
    <None Include="testdata\m68000\v1\OR.l.json.bin">
      <Filter>testdata\m68000\v1</Filter>
    </None>
    <None Include="testdata\m68000\v1\OR.w.json">
      <Filter>testdata\m68000\v1</Filter>
    </None>
    <None Include="testdata\m68000\v1\OR.w.json.bin">
      <Filter>testdata\m68000\v1</Filter>
    </None>
    <None Include="testdata\m68000\v1\ORItoCCR.json">
      <Filter>testdata\m68000\v1</Filter>
    </None>
    <None Include="testdata\m68000\v1\ORItoCCR.json.bin">
      <Filter>testdata\m68000\v1</Filter>
    </None>
    <None Include="testdata\m68000\v1\ORItoSR.json">
      <Filter>testdata\m68000\v1</Filter>
    </None>
    <None Include="testdata\m68000\v1\ORItoSR.json.bin">
      <Filter>testdata\m68000\v1</Filter>
    </None>
    <None Include="testdata\m68000\v1\PEA.json">
      <Filter>testdata\m68000\v1</Filter>
    </None>
    <None Include="testdata\m68000\v1\PEA.json.bin">
      <Filter>testdata\m68000\v1</Filter>
    </None>
    <None Include="testdata\m68000\v1\RESET.json">
      <Filter>testdata\m68000\v1</Filter>
    </None>
    <None Include="testdata\m68000\v1\RESET.json.bin">
      <Filter>testdata\m68000\v1</Filter>
    </None>
    <None Include="testdata\m68000\v1\ROL.b.json">
      <Filter>testdata\m68000\v1</Filter>
    </None>
    <None Include="testdata\m68000\v1\ROL.b.json.bin">
      <Filter>testdata\m68000\v1</Filter>
    </None>
    <None Include="testdata\m68000\v1\ROL.l.json">
      <Filter>testdata\m68000\v1</Filter>
    </None>
    <None Include="testdata\m68000\v1\ROL.l.json.bin">
      <Filter>testdata\m68000\v1</Filter>
    </None>
    <None Include="testdata\m68000\v1\ROL.w.json">
      <Filter>testdata\m68000\v1</Filter>
    </None>
    <None Include="testdata\m68000\v1\ROL.w.json.bin">
      <Filter>testdata\m68000\v1</Filter>
    </None>
    <None Include="testdata\m68000\v1\ROR.b.json">
      <Filter>testdata\m68000\v1</Filter>
    </None>
    <None Include="testdata\m68000\v1\ROR.b.json.bin">
      <Filter>testdata\m68000\v1</Filter>
    </None>
    <None Include="testdata\m68000\v1\ROR.l.json">
      <Filter>testdata\m68000\v1</Filter>
    </None>
    <None Include="testdata\m68000\v1\ROR.l.json.bin">
      <Filter>testdata\m68000\v1</Filter>
    </None>
    <None Include="testdata\m68000\v1\ROR.w.json">
      <Filter>testdata\m68000\v1</Filter>
    </None>
    <None Include="testdata\m68000\v1\ROR.w.json.bin">
      <Filter>testdata\m68000\v1</Filter>
    </None>
    <None Include="testdata\m68000\v1\ROXL.b.json">
      <Filter>testdata\m68000\v1</Filter>
    </None>
    <None Include="testdata\m68000\v1\ROXL.b.json.bin">
      <Filter>testdata\m68000\v1</Filter>
    </None>
    <None Include="testdata\m68000\v1\ROXL.l.json">
      <Filter>testdata\m68000\v1</Filter>
    </None>
    <None Include="testdata\m68000\v1\ROXL.l.json.bin">
      <Filter>testdata\m68000\v1</Filter>
    </None>
    <None Include="testdata\m68000\v1\ROXL.w.json">
      <Filter>testdata\m68000\v1</Filter>
    </None>
    <None Include="testdata\m68000\v1\ROXL.w.json.bin">
      <Filter>testdata\m68000\v1</Filter>
    </None>
    <None Include="testdata\m68000\v1\ROXR.b.json">
      <Filter>testdata\m68000\v1</Filter>
    </None>
    <None Include="testdata\m68000\v1\ROXR.b.json.bin">
      <Filter>testdata\m68000\v1</Filter>
    </None>
    <None Include="testdata\m68000\v1\ROXR.l.json">
      <Filter>testdata\m68000\v1</Filter>
    </None>
    <None Include="testdata\m68000\v1\ROXR.l.json.bin">
      <Filter>testdata\m68000\v1</Filter>
    </None>
    <None Include="testdata\m68000\v1\ROXR.w.json">
      <Filter>testdata\m68000\v1</Filter>
    </None>
    <None Include="testdata\m68000\v1\ROXR.w.json.bin">
      <Filter>testdata\m68000\v1</Filter>
    </None>
    <None Include="testdata\m68000\v1\RTE.json">
      <Filter>testdata\m68000\v1</Filter>
    </None>
    <None Include="testdata\m68000\v1\RTE.json.bin">
      <Filter>testdata\m68000\v1</Filter>
    </None>
    <None Include="testdata\m68000\v1\RTR.json">
      <Filter>testdata\m68000\v1</Filter>
    </None>
    <None Include="testdata\m68000\v1\RTR.json.bin">
      <Filter>testdata\m68000\v1</Filter>
    </None>
    <None Include="testdata\m68000\v1\RTS.json">
      <Filter>testdata\m68000\v1</Filter>
    </None>
    <None Include="testdata\m68000\v1\RTS.json.bin">
      <Filter>testdata\m68000\v1</Filter>
    </None>
    <None Include="testdata\m68000\v1\SBCD.json">
      <Filter>testdata\m68000\v1</Filter>
    </None>
    <None Include="testdata\m68000\v1\SBCD.json.bin">
      <Filter>testdata\m68000\v1</Filter>
    </None>
    <None Include="testdata\m68000\v1\Scc.json">
      <Filter>testdata\m68000\v1</Filter>
    </None>
    <None Include="testdata\m68000\v1\Scc.json.bin">
      <Filter>testdata\m68000\v1</Filter>
    </None>
    <None Include="testdata\m68000\v1\STOP.json">
      <Filter>testdata\m68000\v1</Filter>
    </None>
    <None Include="testdata\m68000\v1\STOP.json.bin">
      <Filter>testdata\m68000\v1</Filter>
    </None>
    <None Include="testdata\m68000\v1\SUB.b.json">
      <Filter>testdata\m68000\v1</Filter>
    </None>
    <None Include="testdata\m68000\v1\SUB.b.json.bin">
      <Filter>testdata\m68000\v1</Filter>
    </None>
    <None Include="testdata\m68000\v1\SUB.l.json">
      <Filter>testdata\m68000\v1</Filter>
    </None>
    <None Include="testdata\m68000\v1\SUB.l.json.bin">
      <Filter>testdata\m68000\v1</Filter>
    </None>
    <None Include="testdata\m68000\v1\SUB.w.json">
      <Filter>testdata\m68000\v1</Filter>
    </None>
    <None Include="testdata\m68000\v1\SUB.w.json.bin">
      <Filter>testdata\m68000\v1</Filter>
    </None>
    <None Include="testdata\m68000\v1\SUBA.l.json">
      <Filter>testdata\m68000\v1</Filter>
    </None>
    <None Include="testdata\m68000\v1\SUBA.l.json.bin">
      <Filter>testdata\m68000\v1</Filter>
    </None>
    <None Include="testdata\m68000\v1\SUBA.w.json">
      <Filter>testdata\m68000\v1</Filter>
    </None>
    <None Include="testdata\m68000\v1\SUBA.w.json.bin">
      <Filter>testdata\m68000\v1</Filter>
    </None>
    <None Include="testdata\m68000\v1\SUBX.b.json">
      <Filter>testdata\m68000\v1</Filter>
    </None>
    <None Include="testdata\m68000\v1\SUBX.b.json.bin">
      <Filter>testdata\m68000\v1</Filter>
    </None>
    <None Include="testdata\m68000\v1\SUBX.l.json">
      <Filter>testdata\m68000\v1</Filter>
    </None>
    <None Include="testdata\m68000\v1\SUBX.l.json.bin">
      <Filter>testdata\m68000\v1</Filter>
    </None>
    <None Include="testdata\m68000\v1\SUBX.w.json">
      <Filter>testdata\m68000\v1</Filter>
    </None>
    <None Include="testdata\m68000\v1\SUBX.w.json.bin">
      <Filter>testdata\m68000\v1</Filter>
    </None>
    <None Include="testdata\m68000\v1\SWAP.json">
      <Filter>testdata\m68000\v1</Filter>
    </None>
    <None Include="testdata\m68000\v1\SWAP.json.bin">
      <Filter>testdata\m68000\v1</Filter>
    </None>
    <None Include="testdata\m68000\v1\TAS.json">
      <Filter>testdata\m68000\v1</Filter>
    </None>
    <None Include="testdata\m68000\v1\TAS.json.bin">
      <Filter>testdata\m68000\v1</Filter>
    </None>
    <None Include="testdata\m68000\v1\TRAP.json">
      <Filter>testdata\m68000\v1</Filter>
    </None>
    <None Include="testdata\m68000\v1\TRAP.json.bin">
      <Filter>testdata\m68000\v1</Filter>
    </None>
    <None Include="testdata\m68000\v1\TRAPV.json">
      <Filter>testdata\m68000\v1</Filter>
    </None>
    <None Include="testdata\m68000\v1\TRAPV.json.bin">
      <Filter>testdata\m68000\v1</Filter>
    </None>
    <None Include="testdata\m68000\v1\TST.b.json">
      <Filter>testdata\m68000\v1</Filter>
    </None>
    <None Include="testdata\m68000\v1\TST.b.json.bin">
      <Filter>testdata\m68000\v1</Filter>
    </None>
    <None Include="testdata\m68000\v1\TST.l.json">
      <Filter>testdata\m68000\v1</Filter>
    </None>
    <None Include="testdata\m68000\v1\TST.l.json.bin">
      <Filter>testdata\m68000\v1</Filter>
    </None>
    <None Include="testdata\m68000\v1\TST.w.json">
      <Filter>testdata\m68000\v1</Filter>
    </None>
    <None Include="testdata\m68000\v1\TST.w.json.bin">
      <Filter>testdata\m68000\v1</Filter>
    </None>
    <None Include="testdata\m68000\v1\UNLINK.json">
      <Filter>testdata\m68000\v1</Filter>
    </None>
    <None Include="testdata\m68000\v1\UNLINK.json.bin">
      <Filter>testdata\m68000\v1</Filter>
    </None>
  </ItemGroup>
  <ItemGroup>
    <Filter Include="core">
      <UniqueIdentifier>{fc284542-2e77-427c-8736-8e2314f58852}</UniqueIdentifier>
    </Filter>
    <Filter Include="core\src">
      <UniqueIdentifier>{c0b2d510-9252-4987-8008-653d2deb9cbc}</UniqueIdentifier>
    </Filter>
    <Filter Include="floppy">
      <UniqueIdentifier>{292e4240-549b-4d04-8ff6-3a682b760d5f}</UniqueIdentifier>
    </Filter>
    <Filter Include="floppy\src">
      <UniqueIdentifier>{ed5eba4d-cbaf-49a3-8efc-f4ede6c11123}</UniqueIdentifier>
    </Filter>
    <Filter Include="floppy\src\loaders">
      <UniqueIdentifier>{77c6c049-e63f-44f6-ab75-d7557242c211}</UniqueIdentifier>
    </Filter>
    <Filter Include="core\src\bus">
      <UniqueIdentifier>{fa3ef23e-1f8c-4bcc-9d24-f829ee416375}</UniqueIdentifier>
    </Filter>
    <Filter Include="core\src\cpu_m68k">
      <UniqueIdentifier>{1c254006-69f1-42b0-9065-1ffa09bb3fbb}</UniqueIdentifier>
    </Filter>
    <Filter Include="core\src\emulator">
      <UniqueIdentifier>{e72e44e8-34f7-403f-87c3-cda6a5a191f0}</UniqueIdentifier>
    </Filter>
    <Filter Include="core\src\keymap">
      <UniqueIdentifier>{88dd72e0-a47b-44af-b194-259fb2d83408}</UniqueIdentifier>
    </Filter>
    <Filter Include="core\src\mac">
      <UniqueIdentifier>{afca86db-d868-43ed-a709-a9877c77b583}</UniqueIdentifier>
    </Filter>
    <Filter Include="core\src\renderer">
      <UniqueIdentifier>{47a8475b-7af8-4fe5-8fdb-1360d4dc9a21}</UniqueIdentifier>
    </Filter>
    <Filter Include="core\src\test">
      <UniqueIdentifier>{a2c808c1-cb8f-401b-9528-bd90d91ff258}</UniqueIdentifier>
    </Filter>
    <Filter Include="core\src\util">
      <UniqueIdentifier>{c5d26dfe-c17e-42d5-b827-eeb03304f616}</UniqueIdentifier>
    </Filter>
    <Filter Include="core\src\cpu_m68k\fpu">
      <UniqueIdentifier>{0c741fa3-6540-49f9-8f75-a639a9711a23}</UniqueIdentifier>
    </Filter>
    <Filter Include="core\src\mac\adb">
      <UniqueIdentifier>{1f6e40bb-c317-4608-837d-a1c8a32acc5f}</UniqueIdentifier>
    </Filter>
    <Filter Include="core\src\mac\compact">
      <UniqueIdentifier>{6ebbd0a0-195b-48bc-b31c-41bacca22c8c}</UniqueIdentifier>
    </Filter>
    <Filter Include="core\src\mac\macii">
      <UniqueIdentifier>{1ae829a4-7040-47bc-b722-29b6b1790260}</UniqueIdentifier>
    </Filter>
    <Filter Include="core\src\mac\nubus">
      <UniqueIdentifier>{26a866cb-4915-47dc-84c5-e53f721e3dce}</UniqueIdentifier>
    </Filter>
    <Filter Include="core\src\mac\swim">
      <UniqueIdentifier>{b46a8aa2-ae89-4ac6-87b0-9cfe9d289eff}</UniqueIdentifier>
    </Filter>
    <Filter Include="frontend_egui">
      <UniqueIdentifier>{71469aae-d5df-468c-aa00-2c1417e41f93}</UniqueIdentifier>
    </Filter>
    <Filter Include="frontend_egui\src">
      <UniqueIdentifier>{b5caa638-c35c-4c87-b72e-9b2b2d723139}</UniqueIdentifier>
    </Filter>
    <Filter Include="frontend_egui\src\dialogs">
      <UniqueIdentifier>{01d5e581-c8b4-4d32-9533-ec25fc29523b}</UniqueIdentifier>
    </Filter>
    <Filter Include="frontend_egui\src\util">
      <UniqueIdentifier>{c5832660-5cfc-4685-a815-c92a943c3c2b}</UniqueIdentifier>
    </Filter>
    <Filter Include="frontend_egui\src\widgets">
      <UniqueIdentifier>{e7546d65-5139-40d9-a799-200ecb4d1b42}</UniqueIdentifier>
    </Filter>
    <Filter Include="frontend_tui">
      <UniqueIdentifier>{dba179ae-eeff-493c-95f7-c62b2ab146ba}</UniqueIdentifier>
    </Filter>
    <Filter Include="frontend_tui\src">
      <UniqueIdentifier>{114820e4-3771-48ac-b851-104e5a85af72}</UniqueIdentifier>
    </Filter>
    <Filter Include="frontend_tui\src\ui">
      <UniqueIdentifier>{07556f5d-7f01-49d5-ada2-8696f4f1012b}</UniqueIdentifier>
    </Filter>
    <Filter Include="core\src\mac\scsi">
      <UniqueIdentifier>{565028ef-0d86-4118-8d00-eb3161fc88c7}</UniqueIdentifier>
    </Filter>
    <Filter Include="testdata">
      <UniqueIdentifier>{913f4821-1c59-4de7-aee0-1025f12414fc}</UniqueIdentifier>
    </Filter>
    <Filter Include="testdata\m68000">
      <UniqueIdentifier>{4cfa31ed-370e-47d7-b07c-326d4320597e}</UniqueIdentifier>
    </Filter>
    <Filter Include="testdata\m68000\v1">
      <UniqueIdentifier>{02b3b32a-e2af-4ea4-bb64-57c30675d0de}</UniqueIdentifier>
    </Filter>
  </ItemGroup>
</Project>