<?xml version="1.0" encoding="utf-8"?>
<Project ToolsVersion="4.0" xmlns="http://schemas.microsoft.com/developer/msbuild/2003">
  <ItemGroup>
    <None Include="Cargo.toml" />
    <None Include=".gitignore" />
    <None Include=".gitmodules" />
    <None Include="LICENSE" />
    <None Include="README.md" />
    <None Include="rust-toolchain.toml" />
    <None Include="core\Cargo.lock">
      <Filter>core</Filter>
    </None>
    <None Include="core\Cargo.toml">
      <Filter>core</Filter>
    </None>
    <None Include="core\src\debuggable.rs">
      <Filter>core\src</Filter>
    </None>
    <None Include="core\src\lib.rs">
      <Filter>core\src</Filter>
    </None>
    <None Include="core\src\tickable.rs">
      <Filter>core\src</Filter>
    </None>
    <None Include="core\src\types.rs">
      <Filter>core\src</Filter>
    </None>
    <None Include="core\src\bus\mod.rs">
      <Filter>core\src\bus</Filter>
    </None>
    <None Include="core\src\bus\testbus.rs">
      <Filter>core\src\bus</Filter>
    </None>
    <None Include="core\src\cpu_m68k\fpu\alu.rs">
      <Filter>core\src\cpu_m68k\fpu</Filter>
    </None>
    <None Include="core\src\cpu_m68k\fpu\instruction.rs">
      <Filter>core\src\cpu_m68k\fpu</Filter>
    </None>
    <None Include="core\src\cpu_m68k\fpu\mod.rs">
      <Filter>core\src\cpu_m68k\fpu</Filter>
    </None>
    <None Include="core\src\cpu_m68k\fpu\ops_branch.rs">
      <Filter>core\src\cpu_m68k\fpu</Filter>
    </None>
    <None Include="core\src\cpu_m68k\fpu\ops_generic.rs">
      <Filter>core\src\cpu_m68k\fpu</Filter>
    </None>
    <None Include="core\src\cpu_m68k\fpu\regs.rs">
      <Filter>core\src\cpu_m68k\fpu</Filter>
    </None>
    <None Include="core\src\cpu_m68k\fpu\storage.rs">
      <Filter>core\src\cpu_m68k\fpu</Filter>
    </None>
    <None Include="core\src\cpu_m68k\alu.rs">
      <Filter>core\src\cpu_m68k</Filter>
    </None>
    <None Include="core\src\cpu_m68k\cpu.rs">
      <Filter>core\src\cpu_m68k</Filter>
    </None>
    <None Include="core\src\cpu_m68k\disassembler.rs">
      <Filter>core\src\cpu_m68k</Filter>
    </None>
    <None Include="core\src\cpu_m68k\ea.rs">
      <Filter>core\src\cpu_m68k</Filter>
    </None>
    <None Include="core\src\cpu_m68k\instruction.rs">
      <Filter>core\src\cpu_m68k</Filter>
    </None>
    <None Include="core\src\cpu_m68k\mod.rs">
      <Filter>core\src\cpu_m68k</Filter>
    </None>
    <None Include="core\src\cpu_m68k\regs.rs">
      <Filter>core\src\cpu_m68k</Filter>
    </None>
    <None Include="core\src\emulator\comm.rs">
      <Filter>core\src\emulator</Filter>
    </None>
    <None Include="core\src\emulator\mod.rs">
      <Filter>core\src\emulator</Filter>
    </None>
    <None Include="core\src\keymap\aekm0115.rs">
      <Filter>core\src\keymap</Filter>
    </None>
    <None Include="core\src\keymap\akm0110.rs">
      <Filter>core\src\keymap</Filter>
    </None>
    <None Include="core\src\keymap\mod.rs">
      <Filter>core\src\keymap</Filter>
    </None>
    <None Include="core\src\mac\asc.rs">
      <Filter>core\src\mac</Filter>
    </None>
    <None Include="core\src\mac\mod.rs">
      <Filter>core\src\mac</Filter>
    </None>
    <None Include="core\src\mac\pluskbd.rs">
      <Filter>core\src\mac</Filter>
    </None>
    <None Include="core\src\mac\rtc.rs">
      <Filter>core\src\mac</Filter>
    </None>
    <None Include="core\src\mac\scc.rs">
      <Filter>core\src\mac</Filter>
    </None>
    <None Include="core\src\mac\via.rs">
      <Filter>core\src\mac</Filter>
    </None>
    <None Include="core\src\mac\adb\keyboard.rs">
      <Filter>core\src\mac\adb</Filter>
    </None>
    <None Include="core\src\mac\adb\mod.rs">
      <Filter>core\src\mac\adb</Filter>
    </None>
    <None Include="core\src\mac\adb\mouse.rs">
      <Filter>core\src\mac\adb</Filter>
    </None>
    <None Include="core\src\mac\adb\transceiver.rs">
      <Filter>core\src\mac\adb</Filter>
    </None>
    <None Include="core\src\mac\compact\audio.rs">
      <Filter>core\src\mac\compact</Filter>
    </None>
    <None Include="core\src\mac\compact\bus.rs">
      <Filter>core\src\mac\compact</Filter>
    </None>
    <None Include="core\src\mac\compact\mod.rs">
      <Filter>core\src\mac\compact</Filter>
    </None>
    <None Include="core\src\mac\compact\video.rs">
      <Filter>core\src\mac\compact</Filter>
    </None>
    <None Include="core\src\mac\macii\bus.rs">
      <Filter>core\src\mac\macii</Filter>
    </None>
    <None Include="core\src\mac\macii\mod.rs">
      <Filter>core\src\mac\macii</Filter>
    </None>
    <None Include="core\src\mac\macii\via2.rs">
      <Filter>core\src\mac\macii</Filter>
    </None>
    <None Include="core\src\mac\swim\drive.rs">
      <Filter>core\src\mac\swim</Filter>
    </None>
    <None Include="core\src\mac\swim\ism.rs">
      <Filter>core\src\mac\swim</Filter>
    </None>
    <None Include="core\src\mac\swim\iwm.rs">
      <Filter>core\src\mac\swim</Filter>
    </None>
    <None Include="core\src\mac\swim\mod.rs">
      <Filter>core\src\mac\swim</Filter>
    </None>
    <None Include="core\src\mac\nubus\mdc12.rs">
      <Filter>core\src\mac\nubus</Filter>
    </None>
    <None Include="core\src\mac\nubus\mod.rs">
      <Filter>core\src\mac\nubus</Filter>
    </None>
    <None Include="core\src\util\lossyinto.rs">
      <Filter>core\src\util</Filter>
    </None>
    <None Include="core\src\util\mod.rs">
      <Filter>core\src\util</Filter>
    </None>
    <None Include="core\src\util\range.rs">
      <Filter>core\src\util</Filter>
    </None>
    <None Include="core\src\test\mod.rs">
      <Filter>core\src\test</Filter>
    </None>
    <None Include="core\src\test\singlestep_m68k.rs">
      <Filter>core\src\test</Filter>
    </None>
    <None Include="core\src\renderer\channel.rs">
      <Filter>core\src\renderer</Filter>
    </None>
    <None Include="core\src\renderer\mod.rs">
      <Filter>core\src\renderer</Filter>
    </None>
    <None Include="floppy\build.rs">
      <Filter>floppy</Filter>
    </None>
    <None Include="floppy\Cargo.toml">
      <Filter>floppy</Filter>
    </None>
    <None Include="floppy\src\flux.rs">
      <Filter>floppy\src</Filter>
    </None>
    <None Include="floppy\src\lib.rs">
      <Filter>floppy\src</Filter>
    </None>
    <None Include="floppy\src\macformat.rs">
      <Filter>floppy\src</Filter>
    </None>
    <None Include="floppy\src\loaders\a2r2.rs">
      <Filter>floppy\src\loaders</Filter>
    </None>
    <None Include="floppy\src\loaders\a2r3.rs">
      <Filter>floppy\src\loaders</Filter>
    </None>
    <None Include="floppy\src\loaders\auto.rs">
      <Filter>floppy\src\loaders</Filter>
    </None>
    <None Include="floppy\src\loaders\bitfile.rs">
      <Filter>floppy\src\loaders</Filter>
    </None>
    <None Include="floppy\src\loaders\diskcopy42.rs">
      <Filter>floppy\src\loaders</Filter>
    </None>
    <None Include="floppy\src\loaders\fluxfox.rs">
      <Filter>floppy\src\loaders</Filter>
    </None>
    <None Include="floppy\src\loaders\mod.rs">
      <Filter>floppy\src\loaders</Filter>
    </None>
    <None Include="floppy\src\loaders\moof.rs">
      <Filter>floppy\src\loaders</Filter>
    </None>
    <None Include="floppy\src\loaders\pfi.rs">
      <Filter>floppy\src\loaders</Filter>
    </None>
    <None Include="floppy\src\loaders\pri.rs">
      <Filter>floppy\src\loaders</Filter>
    </None>
    <None Include="floppy\src\loaders\raw.rs">
      <Filter>floppy\src\loaders</Filter>
    </None>
    <None Include="frontend_egui\build.rs">
      <Filter>frontend_egui</Filter>
    </None>
    <None Include="frontend_egui\Cargo.toml">
      <Filter>frontend_egui</Filter>
    </None>
    <None Include="frontend_egui\src\app.rs">
      <Filter>frontend_egui\src</Filter>
    </None>
    <None Include="frontend_egui\src\audio.rs">
      <Filter>frontend_egui\src</Filter>
    </None>
    <None Include="frontend_egui\src\consts.rs">
      <Filter>frontend_egui\src</Filter>
    </None>
    <None Include="frontend_egui\src\emulator.rs">
      <Filter>frontend_egui\src</Filter>
    </None>
    <None Include="frontend_egui\src\helpers.rs">
      <Filter>frontend_egui\src</Filter>
    </None>
    <None Include="frontend_egui\src\keymap.rs">
      <Filter>frontend_egui\src</Filter>
    </None>
    <None Include="frontend_egui\src\main.rs">
      <Filter>frontend_egui\src</Filter>
    </None>
    <None Include="frontend_egui\src\uniform.rs">
      <Filter>frontend_egui\src</Filter>
    </None>
    <None Include="frontend_egui\src\workspace.rs">
      <Filter>frontend_egui\src</Filter>
    </None>
    <None Include="frontend_egui\src\dialogs\diskimage.rs">
      <Filter>frontend_egui\src\dialogs</Filter>
    </None>
    <None Include="frontend_egui\src\dialogs\mod.rs">
      <Filter>frontend_egui\src\dialogs</Filter>
    </None>
    <None Include="frontend_egui\src\dialogs\modelselect.rs">
      <Filter>frontend_egui\src\dialogs</Filter>
    </None>
    <None Include="frontend_egui\src\util\relativepath.rs">
      <Filter>frontend_egui\src\util</Filter>
    </None>
    <None Include="frontend_egui\src\util\mod.rs">
      <Filter>frontend_egui\src\util</Filter>
    </None>
    <None Include="frontend_egui\src\widgets\breakpoints.rs">
      <Filter>frontend_egui\src\widgets</Filter>
    </None>
    <None Include="frontend_egui\src\widgets\disassembly.rs">
      <Filter>frontend_egui\src\widgets</Filter>
    </None>
    <None Include="frontend_egui\src\widgets\framebuffer.rs">
      <Filter>frontend_egui\src\widgets</Filter>
    </None>
    <None Include="frontend_egui\src\widgets\instruction_history.rs">
      <Filter>frontend_egui\src\widgets</Filter>
    </None>
    <None Include="frontend_egui\src\widgets\memory.rs">
      <Filter>frontend_egui\src\widgets</Filter>
    </None>
    <None Include="frontend_egui\src\widgets\mod.rs">
      <Filter>frontend_egui\src\widgets</Filter>
    </None>
    <None Include="frontend_egui\src\widgets\peripherals.rs">
      <Filter>frontend_egui\src\widgets</Filter>
    </None>
    <None Include="frontend_egui\src\widgets\registers.rs">
      <Filter>frontend_egui\src\widgets</Filter>
    </None>
    <None Include="frontend_egui\src\widgets\systrap_history.rs">
      <Filter>frontend_egui\src\widgets</Filter>
    </None>
    <None Include="frontend_egui\src\widgets\terminal.rs">
      <Filter>frontend_egui\src\widgets</Filter>
    </None>
    <None Include="frontend_egui\src\widgets\watchpoints.rs">
      <Filter>frontend_egui\src\widgets</Filter>
    </None>
    <None Include="frontend_tui\Cargo.lock">
      <Filter>frontend_tui</Filter>
    </None>
    <None Include="frontend_tui\Cargo.toml">
      <Filter>frontend_tui</Filter>
    </None>
    <None Include="frontend_tui\src\keymap_sdl.rs">
      <Filter>frontend_tui\src</Filter>
    </None>
    <None Include="frontend_tui\src\main.rs">
      <Filter>frontend_tui\src</Filter>
    </None>
    <None Include="frontend_tui\src\renderer_sdl.rs">
      <Filter>frontend_tui\src</Filter>
    </None>
    <None Include="frontend_tui\src\ui\browser.rs">
      <Filter>frontend_tui\src\ui</Filter>
    </None>
    <None Include="frontend_tui\src\ui\debugger.rs">
      <Filter>frontend_tui\src\ui</Filter>
    </None>
    <None Include="frontend_tui\src\ui\mod.rs">
      <Filter>frontend_tui\src\ui</Filter>
    </None>
    <None Include="frontend_tui\src\ui\status.rs">
      <Filter>frontend_tui\src\ui</Filter>
    </None>
    <None Include="floppy\src\ffi.rs">
      <Filter>floppy\src</Filter>
    </None>
    <None Include="core\src\mac\swim\ffi.rs">
      <Filter>core\src\mac\swim</Filter>
    </None>
    <None Include="core\src\mac\scsi\cdrom.rs">
      <Filter>core\src\mac\scsi</Filter>
    </None>
    <None Include="core\src\mac\scsi\controller.rs">
      <Filter>core\src\mac\scsi</Filter>
    </None>
    <None Include="core\src\mac\scsi\disk.rs">
      <Filter>core\src\mac\scsi</Filter>
    </None>
    <None Include="core\src\mac\scsi\mod.rs">
      <Filter>core\src\mac\scsi</Filter>
    </None>
    <None Include="core\src\mac\scsi\target.rs">
      <Filter>core\src\mac\scsi</Filter>
    </None>
  </ItemGroup>
  <ItemGroup>
    <Filter Include="core">
      <UniqueIdentifier>{fc284542-2e77-427c-8736-8e2314f58852}</UniqueIdentifier>
    </Filter>
    <Filter Include="core\src">
      <UniqueIdentifier>{c0b2d510-9252-4987-8008-653d2deb9cbc}</UniqueIdentifier>
    </Filter>
    <Filter Include="floppy">
      <UniqueIdentifier>{292e4240-549b-4d04-8ff6-3a682b760d5f}</UniqueIdentifier>
    </Filter>
    <Filter Include="floppy\src">
      <UniqueIdentifier>{ed5eba4d-cbaf-49a3-8efc-f4ede6c11123}</UniqueIdentifier>
    </Filter>
    <Filter Include="floppy\src\loaders">
      <UniqueIdentifier>{77c6c049-e63f-44f6-ab75-d7557242c211}</UniqueIdentifier>
    </Filter>
    <Filter Include="core\src\bus">
      <UniqueIdentifier>{fa3ef23e-1f8c-4bcc-9d24-f829ee416375}</UniqueIdentifier>
    </Filter>
    <Filter Include="core\src\cpu_m68k">
      <UniqueIdentifier>{1c254006-69f1-42b0-9065-1ffa09bb3fbb}</UniqueIdentifier>
    </Filter>
    <Filter Include="core\src\emulator">
      <UniqueIdentifier>{e72e44e8-34f7-403f-87c3-cda6a5a191f0}</UniqueIdentifier>
    </Filter>
    <Filter Include="core\src\keymap">
      <UniqueIdentifier>{88dd72e0-a47b-44af-b194-259fb2d83408}</UniqueIdentifier>
    </Filter>
    <Filter Include="core\src\mac">
      <UniqueIdentifier>{afca86db-d868-43ed-a709-a9877c77b583}</UniqueIdentifier>
    </Filter>
    <Filter Include="core\src\renderer">
      <UniqueIdentifier>{47a8475b-7af8-4fe5-8fdb-1360d4dc9a21}</UniqueIdentifier>
    </Filter>
    <Filter Include="core\src\test">
      <UniqueIdentifier>{a2c808c1-cb8f-401b-9528-bd90d91ff258}</UniqueIdentifier>
    </Filter>
    <Filter Include="core\src\util">
      <UniqueIdentifier>{c5d26dfe-c17e-42d5-b827-eeb03304f616}</UniqueIdentifier>
    </Filter>
    <Filter Include="core\src\cpu_m68k\fpu">
      <UniqueIdentifier>{0c741fa3-6540-49f9-8f75-a639a9711a23}</UniqueIdentifier>
    </Filter>
    <Filter Include="core\src\mac\adb">
      <UniqueIdentifier>{1f6e40bb-c317-4608-837d-a1c8a32acc5f}</UniqueIdentifier>
    </Filter>
    <Filter Include="core\src\mac\compact">
      <UniqueIdentifier>{6ebbd0a0-195b-48bc-b31c-41bacca22c8c}</UniqueIdentifier>
    </Filter>
    <Filter Include="core\src\mac\macii">
      <UniqueIdentifier>{1ae829a4-7040-47bc-b722-29b6b1790260}</UniqueIdentifier>
    </Filter>
    <Filter Include="core\src\mac\nubus">
      <UniqueIdentifier>{26a866cb-4915-47dc-84c5-e53f721e3dce}</UniqueIdentifier>
    </Filter>
    <Filter Include="core\src\mac\swim">
      <UniqueIdentifier>{b46a8aa2-ae89-4ac6-87b0-9cfe9d289eff}</UniqueIdentifier>
    </Filter>
    <Filter Include="frontend_egui">
      <UniqueIdentifier>{71469aae-d5df-468c-aa00-2c1417e41f93}</UniqueIdentifier>
    </Filter>
    <Filter Include="frontend_egui\src">
      <UniqueIdentifier>{b5caa638-c35c-4c87-b72e-9b2b2d723139}</UniqueIdentifier>
    </Filter>
    <Filter Include="frontend_egui\src\dialogs">
      <UniqueIdentifier>{01d5e581-c8b4-4d32-9533-ec25fc29523b}</UniqueIdentifier>
    </Filter>
    <Filter Include="frontend_egui\src\util">
      <UniqueIdentifier>{c5832660-5cfc-4685-a815-c92a943c3c2b}</UniqueIdentifier>
    </Filter>
    <Filter Include="frontend_egui\src\widgets">
      <UniqueIdentifier>{e7546d65-5139-40d9-a799-200ecb4d1b42}</UniqueIdentifier>
    </Filter>
    <Filter Include="frontend_tui">
      <UniqueIdentifier>{dba179ae-eeff-493c-95f7-c62b2ab146ba}</UniqueIdentifier>
    </Filter>
    <Filter Include="frontend_tui\src">
      <UniqueIdentifier>{114820e4-3771-48ac-b851-104e5a85af72}</UniqueIdentifier>
    </Filter>
    <Filter Include="frontend_tui\src\ui">
      <UniqueIdentifier>{07556f5d-7f01-49d5-ada2-8696f4f1012b}</UniqueIdentifier>
    </Filter>
    <Filter Include="core\src\mac\scsi">
      <UniqueIdentifier>{565028ef-0d86-4118-8d00-eb3161fc88c7}</UniqueIdentifier>
    </Filter>
  </ItemGroup>
</Project>